
Microsoft Visual Studio Solution File, Format Version 12.00
# Visual Studio Version 17
VisualStudioVersion = 17.5.002.0
MinimumVisualStudioVersion = 10.0.40219.1
Project("{9A19103F-16F7-4668-BE54-9A1E7A4F7556}") = "Sistema-de-Doacao-de-Sangue.API", "Sistema-de-Doacao-de-Sangue.API\Sistema-de-Doacao-de-Sangue.API.csproj", "{1F225BC9-3F7E-47E3-8106-E1A0B8A02357}"
EndProject
Project("{9A19103F-16F7-4668-BE54-9A1E7A4F7556}") = "Sistema-de-Doacao-de-Sangue.Application", "Sistema-de-Doacao-de-Sangue.Application\Sistema-de-Doacao-de-Sangue.Application.csproj", "{45F3EC80-7138-48BE-AA48-39581AEE24A5}"
EndProject
Project("{9A19103F-16F7-4668-BE54-9A1E7A4F7556}") = "Sistema-de-Doacao-de-Sangue.Core", "Sistema-de-Doacao-de-Sangue.Core\Sistema-de-Doacao-de-Sangue.Core.csproj", "{52931804-E5F0-49CE-94F5-9794D0E4CEBF}"
EndProject
Project("{9A19103F-16F7-4668-BE54-9A1E7A4F7556}") = "Sistema-de-Doacao-de-Sangue.Infrastructure", "Sistema-de-Doacao-de-Sangue.Infrastructure\Sistema-de-Doacao-de-Sangue.Infrastructure.csproj", "{6BCE05E0-B375-4BDD-88E5-FFC319FB0BB2}"
EndProject
Global
	GlobalSection(SolutionConfigurationPlatforms) = preSolution
		Debug|Any CPU = Debug|Any CPU
		Release|Any CPU = Release|Any CPU
	EndGlobalSection
	GlobalSection(ProjectConfigurationPlatforms) = postSolution
		{1F225BC9-3F7E-47E3-8106-E1A0B8A02357}.Debug|Any CPU.ActiveCfg = Debug|Any CPU
		{1F225BC9-3F7E-47E3-8106-E1A0B8A02357}.Debug|Any CPU.Build.0 = Debug|Any CPU
		{1F225BC9-3F7E-47E3-8106-E1A0B8A02357}.Release|Any CPU.ActiveCfg = Release|Any CPU
		{1F225BC9-3F7E-47E3-8106-E1A0B8A02357}.Release|Any CPU.Build.0 = Release|Any CPU
		{45F3EC80-7138-48BE-AA48-39581AEE24A5}.Debug|Any CPU.ActiveCfg = Debug|Any CPU
		{45F3EC80-7138-48BE-AA48-39581AEE24A5}.Debug|Any CPU.Build.0 = Debug|Any CPU
		{45F3EC80-7138-48BE-AA48-39581AEE24A5}.Release|Any CPU.ActiveCfg = Release|Any CPU
		{45F3EC80-7138-48BE-AA48-39581AEE24A5}.Release|Any CPU.Build.0 = Release|Any CPU
		{52931804-E5F0-49CE-94F5-9794D0E4CEBF}.Debug|Any CPU.ActiveCfg = Debug|Any CPU
		{52931804-E5F0-49CE-94F5-9794D0E4CEBF}.Debug|Any CPU.Build.0 = Debug|Any CPU
		{52931804-E5F0-49CE-94F5-9794D0E4CEBF}.Release|Any CPU.ActiveCfg = Release|Any CPU
		{52931804-E5F0-49CE-94F5-9794D0E4CEBF}.Release|Any CPU.Build.0 = Release|Any CPU
		{6BCE05E0-B375-4BDD-88E5-FFC319FB0BB2}.Debug|Any CPU.ActiveCfg = Debug|Any CPU
		{6BCE05E0-B375-4BDD-88E5-FFC319FB0BB2}.Debug|Any CPU.Build.0 = Debug|Any CPU
		{6BCE05E0-B375-4BDD-88E5-FFC319FB0BB2}.Release|Any CPU.ActiveCfg = Release|Any CPU
		{6BCE05E0-B375-4BDD-88E5-FFC319FB0BB2}.Release|Any CPU.Build.0 = Release|Any CPU
	EndGlobalSection
	GlobalSection(SolutionProperties) = preSolution
		HideSolutionNode = FALSE
	EndGlobalSection
	GlobalSection(ExtensibilityGlobals) = postSolution
		SolutionGuid = {AA08D275-EE47-410B-9E25-15B502EA4E48}
	EndGlobalSection
EndGlobal
